
Microsoft Visual Studio Solution File, Format Version 12.00
# Visual Studio Version 16
VisualStudioVersion = 16.0.32510.428
MinimumVisualStudioVersion = 10.0.40219.1
Project("{FAE04EC0-301F-11D3-BF4B-00C04F79EFBC}") = "LotteryAPI", "LotteryAPI.csproj", "{D54162F9-D5C4-4173-B1D4-FFA57573B62C}"
EndProject
Global
	GlobalSection(SolutionConfigurationPlatforms) = preSolution
		Debug|Any CPU = Debug|Any CPU
		Release|Any CPU = Release|Any CPU
	EndGlobalSection
	GlobalSection(ProjectConfigurationPlatforms) = postSolution
		{D54162F9-D5C4-4173-B1D4-FFA57573B62C}.Debug|Any CPU.ActiveCfg = Debug|Any CPU
		{D54162F9-D5C4-4173-B1D4-FFA57573B62C}.Debug|Any CPU.Build.0 = Debug|Any CPU
		{D54162F9-D5C4-4173-B1D4-FFA57573B62C}.Release|Any CPU.ActiveCfg = Release|Any CPU
		{D54162F9-D5C4-4173-B1D4-FFA57573B62C}.Release|Any CPU.Build.0 = Release|Any CPU
	EndGlobalSection
	GlobalSection(SolutionProperties) = preSolution
		HideSolutionNode = FALSE
	EndGlobalSection
	GlobalSection(ExtensibilityGlobals) = postSolution
		SolutionGuid = {BA66C25D-6ADA-4305-AADC-499C6F538DE4}
	EndGlobalSection
EndGlobal
